
Microsoft Visual Studio Solution File, Format Version 10.00
# Visual Studio 2008
Project("{8BC9CEB8-8B4A-11D0-8D11-00A0C91BC942}") = "osgX3DUML", "osgX3DUML.vcproj", "{6AB104FE-A551-4787-A96C-5D40597FA9F0}"
EndProject
Global
	GlobalSection(SolutionConfigurationPlatforms) = preSolution
		Debug|Win32 = Debug|Win32
		Release|Win32 = Release|Win32
	EndGlobalSection
	GlobalSection(ProjectConfigurationPlatforms) = postSolution
		{6AB104FE-A551-4787-A96C-5D40597FA9F0}.Debug|Win32.ActiveCfg = Debug|Win32
		{6AB104FE-A551-4787-A96C-5D40597FA9F0}.Debug|Win32.Build.0 = Debug|Win32
		{6AB104FE-A551-4787-A96C-5D40597FA9F0}.Release|Win32.ActiveCfg = Release|Win32
		{6AB104FE-A551-4787-A96C-5D40597FA9F0}.Release|Win32.Build.0 = Release|Win32
	EndGlobalSection
	GlobalSection(SolutionProperties) = preSolution
		HideSolutionNode = FALSE
	EndGlobalSection
EndGlobal
